// !$*UTF8*$!
{
	archiveVersion = 1;
	classes = {
	};
	objectVersion = 50;
	objects = {

/* Begin PBXBuildFile section */
		3D45594626042B3B004F4E20 /* AppDelegate.swift in Sources */ = {isa = PBXBuildFile; fileRef = 3D45594526042B3B004F4E20 /* AppDelegate.swift */; };
		3D45594826042B3B004F4E20 /* SceneDelegate.swift in Sources */ = {isa = PBXBuildFile; fileRef = 3D45594726042B3B004F4E20 /* SceneDelegate.swift */; };
		3D45594A26042B3B004F4E20 /* HomeVC.swift in Sources */ = {isa = PBXBuildFile; fileRef = 3D45594926042B3B004F4E20 /* HomeVC.swift */; };
		3D45594F26042B3D004F4E20 /* Assets.xcassets in Resources */ = {isa = PBXBuildFile; fileRef = 3D45594E26042B3D004F4E20 /* Assets.xcassets */; };
		3D45595226042B3D004F4E20 /* LaunchScreen.storyboard in Resources */ = {isa = PBXBuildFile; fileRef = 3D45595026042B3D004F4E20 /* LaunchScreen.storyboard */; };
		3D45595E26042DE2004F4E20 /* Roboto-ThinItalic.ttf in Resources */ = {isa = PBXBuildFile; fileRef = 3D45595A26042DE2004F4E20 /* Roboto-ThinItalic.ttf */; };
		3D45595F26042DE2004F4E20 /* Roboto-Thin.ttf in Resources */ = {isa = PBXBuildFile; fileRef = 3D45595B26042DE2004F4E20 /* Roboto-Thin.ttf */; };
		3D45596026042DE2004F4E20 /* Roboto-Bold.ttf in Resources */ = {isa = PBXBuildFile; fileRef = 3D45595C26042DE2004F4E20 /* Roboto-Bold.ttf */; };
		3D45596126042DE2004F4E20 /* Roboto-Black.ttf in Resources */ = {isa = PBXBuildFile; fileRef = 3D45595D26042DE2004F4E20 /* Roboto-Black.ttf */; };
		3D45596626044067004F4E20 /* QuestionVC.swift in Sources */ = {isa = PBXBuildFile; fileRef = 3D45596526044067004F4E20 /* QuestionVC.swift */; };
		3D4559682604808A004F4E20 /* Constants.swift in Sources */ = {isa = PBXBuildFile; fileRef = 3D4559672604808A004F4E20 /* Constants.swift */; };
		3D45598C2604FC1A004F4E20 /* ResultsVC.swift in Sources */ = {isa = PBXBuildFile; fileRef = 3D45598B2604FC1A004F4E20 /* ResultsVC.swift */; };
		3D45598E260503AD004F4E20 /* QuizzBrain.swift in Sources */ = {isa = PBXBuildFile; fileRef = 3D45598D260503AD004F4E20 /* QuizzBrain.swift */; };
		3D4559902605054C004F4E20 /* Question.swift in Sources */ = {isa = PBXBuildFile; fileRef = 3D45598F2605054C004F4E20 /* Question.swift */; };
/* End PBXBuildFile section */

/* Begin PBXFileReference section */
		3D45594226042B3B004F4E20 /* QuizApps.app */ = {isa = PBXFileReference; explicitFileType = wrapper.application; includeInIndex = 0; path = QuizApps.app; sourceTree = BUILT_PRODUCTS_DIR; };
		3D45594526042B3B004F4E20 /* AppDelegate.swift */ = {isa = PBXFileReference; lastKnownFileType = sourcecode.swift; path = AppDelegate.swift; sourceTree = "<group>"; };
		3D45594726042B3B004F4E20 /* SceneDelegate.swift */ = {isa = PBXFileReference; lastKnownFileType = sourcecode.swift; path = SceneDelegate.swift; sourceTree = "<group>"; };
		3D45594926042B3B004F4E20 /* HomeVC.swift */ = {isa = PBXFileReference; lastKnownFileType = sourcecode.swift; path = HomeVC.swift; sourceTree = "<group>"; };
		3D45594E26042B3D004F4E20 /* Assets.xcassets */ = {isa = PBXFileReference; lastKnownFileType = folder.assetcatalog; path = Assets.xcassets; sourceTree = "<group>"; };
		3D45595126042B3D004F4E20 /* Base */ = {isa = PBXFileReference; lastKnownFileType = file.storyboard; name = Base; path = Base.lproj/LaunchScreen.storyboard; sourceTree = "<group>"; };
		3D45595326042B3D004F4E20 /* Info.plist */ = {isa = PBXFileReference; lastKnownFileType = text.plist.xml; path = Info.plist; sourceTree = "<group>"; };
		3D45595A26042DE2004F4E20 /* Roboto-ThinItalic.ttf */ = {isa = PBXFileReference; lastKnownFileType = file; path = "Roboto-ThinItalic.ttf"; sourceTree = "<group>"; };
		3D45595B26042DE2004F4E20 /* Roboto-Thin.ttf */ = {isa = PBXFileReference; lastKnownFileType = file; path = "Roboto-Thin.ttf"; sourceTree = "<group>"; };
		3D45595C26042DE2004F4E20 /* Roboto-Bold.ttf */ = {isa = PBXFileReference; lastKnownFileType = file; path = "Roboto-Bold.ttf"; sourceTree = "<group>"; };
		3D45595D26042DE2004F4E20 /* Roboto-Black.ttf */ = {isa = PBXFileReference; lastKnownFileType = file; path = "Roboto-Black.ttf"; sourceTree = "<group>"; };
		3D45596526044067004F4E20 /* QuestionVC.swift */ = {isa = PBXFileReference; lastKnownFileType = sourcecode.swift; path = QuestionVC.swift; sourceTree = "<group>"; };
		3D4559672604808A004F4E20 /* Constants.swift */ = {isa = PBXFileReference; lastKnownFileType = sourcecode.swift; path = Constants.swift; sourceTree = "<group>"; };
		3D45598B2604FC1A004F4E20 /* ResultsVC.swift */ = {isa = PBXFileReference; lastKnownFileType = sourcecode.swift; path = ResultsVC.swift; sourceTree = "<group>"; };
		3D45598D260503AD004F4E20 /* QuizzBrain.swift */ = {isa = PBXFileReference; lastKnownFileType = sourcecode.swift; path = QuizzBrain.swift; sourceTree = "<group>"; };
		3D45598F2605054C004F4E20 /* Question.swift */ = {isa = PBXFileReference; lastKnownFileType = sourcecode.swift; path = Question.swift; sourceTree = "<group>"; };
/* End PBXFileReference section */

/* Begin PBXFrameworksBuildPhase section */
		3D45593F26042B3B004F4E20 /* Frameworks */ = {
			isa = PBXFrameworksBuildPhase;
			buildActionMask = 2147483647;
			files = (
			);
			runOnlyForDeploymentPostprocessing = 0;
		};
/* End PBXFrameworksBuildPhase section */

/* Begin PBXGroup section */
		3D45593926042B3B004F4E20 = {
			isa = PBXGroup;
			children = (
				3D45594426042B3B004F4E20 /* QuizApps */,
				3D45594326042B3B004F4E20 /* Products */,
			);
			sourceTree = "<group>";
		};
		3D45594326042B3B004F4E20 /* Products */ = {
			isa = PBXGroup;
			children = (
				3D45594226042B3B004F4E20 /* QuizApps.app */,
			);
			name = Products;
			sourceTree = "<group>";
		};
		3D45594426042B3B004F4E20 /* QuizApps */ = {
			isa = PBXGroup;
			children = (
				3D455964260439FC004F4E20 /* Model */,
				3D455963260439E8004F4E20 /* Controller */,
				3D45595926042DC0004F4E20 /* Fonts */,
				3D455962260439DF004F4E20 /* View */,
				3D45595326042B3D004F4E20 /* Info.plist */,
			);
			path = QuizApps;
			sourceTree = "<group>";
		};
		3D45595926042DC0004F4E20 /* Fonts */ = {
			isa = PBXGroup;
			children = (
				3D45595D26042DE2004F4E20 /* Roboto-Black.ttf */,
				3D45595C26042DE2004F4E20 /* Roboto-Bold.ttf */,
				3D45595B26042DE2004F4E20 /* Roboto-Thin.ttf */,
				3D45595A26042DE2004F4E20 /* Roboto-ThinItalic.ttf */,
			);
			path = Fonts;
			sourceTree = "<group>";
		};
		3D455962260439DF004F4E20 /* View */ = {
			isa = PBXGroup;
			children = (
				3D45594E26042B3D004F4E20 /* Assets.xcassets */,
				3D45595026042B3D004F4E20 /* LaunchScreen.storyboard */,
			);
			path = View;
			sourceTree = "<group>";
		};
		3D455963260439E8004F4E20 /* Controller */ = {
			isa = PBXGroup;
			children = (
				3D45594526042B3B004F4E20 /* AppDelegate.swift */,
				3D45594726042B3B004F4E20 /* SceneDelegate.swift */,
				3D45594926042B3B004F4E20 /* HomeVC.swift */,
				3D45596526044067004F4E20 /* QuestionVC.swift */,
				3D45598B2604FC1A004F4E20 /* ResultsVC.swift */,
			);
			path = Controller;
			sourceTree = "<group>";
		};
		3D455964260439FC004F4E20 /* Model */ = {
			isa = PBXGroup;
			children = (
				3D4559672604808A004F4E20 /* Constants.swift */,
				3D45598D260503AD004F4E20 /* QuizzBrain.swift */,
				3D45598F2605054C004F4E20 /* Question.swift */,
			);
			path = Model;
			sourceTree = "<group>";
		};
/* End PBXGroup section */

/* Begin PBXNativeTarget section */
		3D45594126042B3B004F4E20 /* QuizApps */ = {
			isa = PBXNativeTarget;
			buildConfigurationList = 3D45595626042B3D004F4E20 /* Build configuration list for PBXNativeTarget "QuizApps" */;
			buildPhases = (
				3D45593E26042B3B004F4E20 /* Sources */,
				3D45593F26042B3B004F4E20 /* Frameworks */,
				3D45594026042B3B004F4E20 /* Resources */,
			);
			buildRules = (
			);
			dependencies = (
			);
			name = QuizApps;
			productName = QuizApps;
			productReference = 3D45594226042B3B004F4E20 /* QuizApps.app */;
			productType = "com.apple.product-type.application";
		};
/* End PBXNativeTarget section */

/* Begin PBXProject section */
		3D45593A26042B3B004F4E20 /* Project object */ = {
			isa = PBXProject;
			attributes = {
				LastSwiftUpdateCheck = 1250;
				LastUpgradeCheck = 1250;
				TargetAttributes = {
					3D45594126042B3B004F4E20 = {
						CreatedOnToolsVersion = 12.5;
					};
				};
			};
			buildConfigurationList = 3D45593D26042B3B004F4E20 /* Build configuration list for PBXProject "QuizApps" */;
			compatibilityVersion = "Xcode 9.3";
			developmentRegion = en;
			hasScannedForEncodings = 0;
			knownRegions = (
				en,
				Base,
			);
			mainGroup = 3D45593926042B3B004F4E20;
			productRefGroup = 3D45594326042B3B004F4E20 /* Products */;
			projectDirPath = "";
			projectRoot = "";
			targets = (
				3D45594126042B3B004F4E20 /* QuizApps */,
			);
		};
/* End PBXProject section */

/* Begin PBXResourcesBuildPhase section */
		3D45594026042B3B004F4E20 /* Resources */ = {
			isa = PBXResourcesBuildPhase;
			buildActionMask = 2147483647;
			files = (
				3D45595F26042DE2004F4E20 /* Roboto-Thin.ttf in Resources */,
				3D45595E26042DE2004F4E20 /* Roboto-ThinItalic.ttf in Resources */,
				3D45596026042DE2004F4E20 /* Roboto-Bold.ttf in Resources */,
				3D45595226042B3D004F4E20 /* LaunchScreen.storyboard in Resources */,
				3D45594F26042B3D004F4E20 /* Assets.xcassets in Resources */,
				3D45596126042DE2004F4E20 /* Roboto-Black.ttf in Resources */,
			);
			runOnlyForDeploymentPostprocessing = 0;
		};
/* End PBXResourcesBuildPhase section */

/* Begin PBXSourcesBuildPhase section */
		3D45593E26042B3B004F4E20 /* Sources */ = {
			isa = PBXSourcesBuildPhase;
			buildActionMask = 2147483647;
			files = (
				3D4559682604808A004F4E20 /* Constants.swift in Sources */,
				3D4559902605054C004F4E20 /* Question.swift in Sources */,
				3D45598C2604FC1A004F4E20 /* ResultsVC.swift in Sources */,
				3D45598E260503AD004F4E20 /* QuizzBrain.swift in Sources */,
				3D45596626044067004F4E20 /* QuestionVC.swift in Sources */,
				3D45594A26042B3B004F4E20 /* HomeVC.swift in Sources */,
				3D45594626042B3B004F4E20 /* AppDelegate.swift in Sources */,
				3D45594826042B3B004F4E20 /* SceneDelegate.swift in Sources */,
			);
			runOnlyForDeploymentPostprocessing = 0;
		};
/* End PBXSourcesBuildPhase section */

/* Begin PBXVariantGroup section */
		3D45595026042B3D004F4E20 /* LaunchScreen.storyboard */ = {
			isa = PBXVariantGroup;
			children = (
				3D45595126042B3D004F4E20 /* Base */,
			);
			name = LaunchScreen.storyboard;
			sourceTree = "<group>";
		};
/* End PBXVariantGroup section */

/* Begin XCBuildConfiguration section */
		3D45595426042B3D004F4E20 /* Debug */ = {
			isa = XCBuildConfiguration;
			buildSettings = {
				ALWAYS_SEARCH_USER_PATHS = NO;
				CLANG_ANALYZER_NONNULL = YES;
				CLANG_ANALYZER_NUMBER_OBJECT_CONVERSION = YES_AGGRESSIVE;
				CLANG_CXX_LANGUAGE_STANDARD = "gnu++14";
				CLANG_CXX_LIBRARY = "libc++";
				CLANG_ENABLE_MODULES = YES;
				CLANG_ENABLE_OBJC_ARC = YES;
				CLANG_ENABLE_OBJC_WEAK = YES;
				CLANG_WARN_BLOCK_CAPTURE_AUTORELEASING = YES;
				CLANG_WARN_BOOL_CONVERSION = YES;
				CLANG_WARN_COMMA = YES;
				CLANG_WARN_CONSTANT_CONVERSION = YES;
				CLANG_WARN_DEPRECATED_OBJC_IMPLEMENTATIONS = YES;
				CLANG_WARN_DIRECT_OBJC_ISA_USAGE = YES_ERROR;
				CLANG_WARN_DOCUMENTATION_COMMENTS = YES;
				CLANG_WARN_EMPTY_BODY = YES;
				CLANG_WARN_ENUM_CONVERSION = YES;
				CLANG_WARN_INFINITE_RECURSION = YES;
				CLANG_WARN_INT_CONVERSION = YES;
				CLANG_WARN_NON_LITERAL_NULL_CONVERSION = YES;
				CLANG_WARN_OBJC_IMPLICIT_RETAIN_SELF = YES;
				CLANG_WARN_OBJC_LITERAL_CONVERSION = YES;
				CLANG_WARN_OBJC_ROOT_CLASS = YES_ERROR;
				CLANG_WARN_QUOTED_INCLUDE_IN_FRAMEWORK_HEADER = YES;
				CLANG_WARN_RANGE_LOOP_ANALYSIS = YES;
				CLANG_WARN_STRICT_PROTOTYPES = YES;
				CLANG_WARN_SUSPICIOUS_MOVE = YES;
				CLANG_WARN_UNGUARDED_AVAILABILITY = YES_AGGRESSIVE;
				CLANG_WARN_UNREACHABLE_CODE = YES;
				CLANG_WARN__DUPLICATE_METHOD_MATCH = YES;
				COPY_PHASE_STRIP = NO;
				DEBUG_INFORMATION_FORMAT = dwarf;
				ENABLE_STRICT_OBJC_MSGSEND = YES;
				ENABLE_TESTABILITY = YES;
				GCC_C_LANGUAGE_STANDARD = gnu11;
				GCC_DYNAMIC_NO_PIC = NO;
				GCC_NO_COMMON_BLOCKS = YES;
				GCC_OPTIMIZATION_LEVEL = 0;
				GCC_PREPROCESSOR_DEFINITIONS = (
					"DEBUG=1",
					"$(inherited)",
				);
				GCC_WARN_64_TO_32_BIT_CONVERSION = YES;
				GCC_WARN_ABOUT_RETURN_TYPE = YES_ERROR;
				GCC_WARN_UNDECLARED_SELECTOR = YES;
				GCC_WARN_UNINITIALIZED_AUTOS = YES_AGGRESSIVE;
				GCC_WARN_UNUSED_FUNCTION = YES;
				GCC_WARN_UNUSED_VARIABLE = YES;
				IPHONEOS_DEPLOYMENT_TARGET = 14.5;
				MTL_ENABLE_DEBUG_INFO = INCLUDE_SOURCE;
				MTL_FAST_MATH = YES;
				ONLY_ACTIVE_ARCH = YES;
				SDKROOT = iphoneos;
				SWIFT_ACTIVE_COMPILATION_CONDITIONS = DEBUG;
				SWIFT_OPTIMIZATION_LEVEL = "-Onone";
			};
			name = Debug;
		};
		3D45595526042B3D004F4E20 /* Release */ = {
			isa = XCBuildConfiguration;
			buildSettings = {
				ALWAYS_SEARCH_USER_PATHS = NO;
				CLANG_ANALYZER_NONNULL = YES;
				CLANG_ANALYZER_NUMBER_OBJECT_CONVERSION = YES_AGGRESSIVE;
				CLANG_CXX_LANGUAGE_STANDARD = "gnu++14";
				CLANG_CXX_LIBRARY = "libc++";
				CLANG_ENABLE_MODULES = YES;
				CLANG_ENABLE_OBJC_ARC = YES;
				CLANG_ENABLE_OBJC_WEAK = YES;
				CLANG_WARN_BLOCK_CAPTURE_AUTORELEASING = YES;
				CLANG_WARN_BOOL_CONVERSION = YES;
				CLANG_WARN_COMMA = YES;
				CLANG_WARN_CONSTANT_CONVERSION = YES;
				CLANG_WARN_DEPRECATED_OBJC_IMPLEMENTATIONS = YES;
				CLANG_WARN_DIRECT_OBJC_ISA_USAGE = YES_ERROR;
				CLANG_WARN_DOCUMENTATION_COMMENTS = YES;
				CLANG_WARN_EMPTY_BODY = YES;
				CLANG_WARN_ENUM_CONVERSION = YES;
				CLANG_WARN_INFINITE_RECURSION = YES;
				CLANG_WARN_INT_CONVERSION = YES;
				CLANG_WARN_NON_LITERAL_NULL_CONVERSION = YES;
				CLANG_WARN_OBJC_IMPLICIT_RETAIN_SELF = YES;
				CLANG_WARN_OBJC_LITERAL_CONVERSION = YES;
				CLANG_WARN_OBJC_ROOT_CLASS = YES_ERROR;
				CLANG_WARN_QUOTED_INCLUDE_IN_FRAMEWORK_HEADER = YES;
				CLANG_WARN_RANGE_LOOP_ANALYSIS = YES;
				CLANG_WARN_STRICT_PROTOTYPES = YES;
				CLANG_WARN_SUSPICIOUS_MOVE = YES;
				CLANG_WARN_UNGUARDED_AVAILABILITY = YES_AGGRESSIVE;
				CLANG_WARN_UNREACHABLE_CODE = YES;
				CLANG_WARN__DUPLICATE_METHOD_MATCH = YES;
				COPY_PHASE_STRIP = NO;
				DEBUG_INFORMATION_FORMAT = "dwarf-with-dsym";
				ENABLE_NS_ASSERTIONS = NO;
				ENABLE_STRICT_OBJC_MSGSEND = YES;
				GCC_C_LANGUAGE_STANDARD = gnu11;
				GCC_NO_COMMON_BLOCKS = YES;
				GCC_WARN_64_TO_32_BIT_CONVERSION = YES;
				GCC_WARN_ABOUT_RETURN_TYPE = YES_ERROR;
				GCC_WARN_UNDECLARED_SELECTOR = YES;
				GCC_WARN_UNINITIALIZED_AUTOS = YES_AGGRESSIVE;
				GCC_WARN_UNUSED_FUNCTION = YES;
				GCC_WARN_UNUSED_VARIABLE = YES;
				IPHONEOS_DEPLOYMENT_TARGET = 14.5;
				MTL_ENABLE_DEBUG_INFO = NO;
				MTL_FAST_MATH = YES;
				SDKROOT = iphoneos;
				SWIFT_COMPILATION_MODE = wholemodule;
				SWIFT_OPTIMIZATION_LEVEL = "-O";
				VALIDATE_PRODUCT = YES;
			};
			name = Release;
		};
		3D45595726042B3D004F4E20 /* Debug */ = {
			isa = XCBuildConfiguration;
			buildSettings = {
				ASSETCATALOG_COMPILER_APPICON_NAME = AppIcon;
				ASSETCATALOG_COMPILER_GLOBAL_ACCENT_COLOR_NAME = AccentColor;
				CODE_SIGN_STYLE = Automatic;
				INFOPLIST_FILE = QuizApps/Info.plist;
				LD_RUNPATH_SEARCH_PATHS = (
					"$(inherited)",
					"@executable_path/Frameworks",
				);
				PRODUCT_BUNDLE_IDENTIFIER = cobopso.QuizApps;
				PRODUCT_NAME = "$(TARGET_NAME)";
				SWIFT_VERSION = 5.0;
				TARGETED_DEVICE_FAMILY = "1,2";
			};
			name = Debug;
		};
		3D45595826042B3D004F4E20 /* Release */ = {
			isa = XCBuildConfiguration;
			buildSettings = {
				ASSETCATALOG_COMPILER_APPICON_NAME = AppIcon;
				ASSETCATALOG_COMPILER_GLOBAL_ACCENT_COLOR_NAME = AccentColor;
				CODE_SIGN_STYLE = Automatic;
				INFOPLIST_FILE = QuizApps/Info.plist;
				LD_RUNPATH_SEARCH_PATHS = (
					"$(inherited)",
					"@executable_path/Frameworks",
				);
				PRODUCT_BUNDLE_IDENTIFIER = cobopso.QuizApps;
				PRODUCT_NAME = "$(TARGET_NAME)";
				SWIFT_VERSION = 5.0;
				TARGETED_DEVICE_FAMILY = "1,2";
			};
			name = Release;
		};
/* End XCBuildConfiguration section */

/* Begin XCConfigurationList section */
		3D45593D26042B3B004F4E20 /* Build configuration list for PBXProject "QuizApps" */ = {
			isa = XCConfigurationList;
			buildConfigurations = (
				3D45595426042B3D004F4E20 /* Debug */,
				3D45595526042B3D004F4E20 /* Release */,
			);
			defaultConfigurationIsVisible = 0;
			defaultConfigurationName = Release;
		};
		3D45595626042B3D004F4E20 /* Build configuration list for PBXNativeTarget "QuizApps" */ = {
			isa = XCConfigurationList;
			buildConfigurations = (
				3D45595726042B3D004F4E20 /* Debug */,
				3D45595826042B3D004F4E20 /* Release */,
			);
			defaultConfigurationIsVisible = 0;
			defaultConfigurationName = Release;
		};
/* End XCConfigurationList section */
	};
	rootObject = 3D45593A26042B3B004F4E20 /* Project object */;
}
